
Microsoft Visual Studio Solution File, Format Version 12.00
# Visual Studio Version 16
VisualStudioVersion = 16.0.31624.102
MinimumVisualStudioVersion = 10.0.40219.1
Project("{9A19103F-16F7-4668-BE54-9A1E7A4F7556}") = "onboarding_api", "onboarding_api\onboarding_api.csproj", "{A5BDB135-EC60-42ED-90B7-6DA5A75A2B29}"
EndProject
Project("{FAE04EC0-301F-11D3-BF4B-00C04F79EFBC}") = "Onboarding.DB", "Onboarding.DB\Onboarding.DB.csproj", "{CBAD3306-D752-420D-AAAC-9EECC1049A60}"
EndProject
Project("{FAE04EC0-301F-11D3-BF4B-00C04F79EFBC}") = "Onboarding.Core", "Onboarding.Core\Onboarding.Core.csproj", "{C8A64809-7B27-4362-A8EE-65CEA1CF4C47}"
EndProject
Global
	GlobalSection(SolutionConfigurationPlatforms) = preSolution
		Debug|Any CPU = Debug|Any CPU
		Release|Any CPU = Release|Any CPU
	EndGlobalSection
	GlobalSection(ProjectConfigurationPlatforms) = postSolution
		{A5BDB135-EC60-42ED-90B7-6DA5A75A2B29}.Debug|Any CPU.ActiveCfg = Debug|Any CPU
		{A5BDB135-EC60-42ED-90B7-6DA5A75A2B29}.Debug|Any CPU.Build.0 = Debug|Any CPU
		{A5BDB135-EC60-42ED-90B7-6DA5A75A2B29}.Release|Any CPU.ActiveCfg = Release|Any CPU
		{A5BDB135-EC60-42ED-90B7-6DA5A75A2B29}.Release|Any CPU.Build.0 = Release|Any CPU
		{CBAD3306-D752-420D-AAAC-9EECC1049A60}.Debug|Any CPU.ActiveCfg = Debug|Any CPU
		{CBAD3306-D752-420D-AAAC-9EECC1049A60}.Debug|Any CPU.Build.0 = Debug|Any CPU
		{CBAD3306-D752-420D-AAAC-9EECC1049A60}.Release|Any CPU.ActiveCfg = Release|Any CPU
		{CBAD3306-D752-420D-AAAC-9EECC1049A60}.Release|Any CPU.Build.0 = Release|Any CPU
		{C8A64809-7B27-4362-A8EE-65CEA1CF4C47}.Debug|Any CPU.ActiveCfg = Debug|Any CPU
		{C8A64809-7B27-4362-A8EE-65CEA1CF4C47}.Debug|Any CPU.Build.0 = Debug|Any CPU
		{C8A64809-7B27-4362-A8EE-65CEA1CF4C47}.Release|Any CPU.ActiveCfg = Release|Any CPU
		{C8A64809-7B27-4362-A8EE-65CEA1CF4C47}.Release|Any CPU.Build.0 = Release|Any CPU
	EndGlobalSection
	GlobalSection(SolutionProperties) = preSolution
		HideSolutionNode = FALSE
	EndGlobalSection
	GlobalSection(ExtensibilityGlobals) = postSolution
		SolutionGuid = {20DA32D3-36EC-4BF2-802D-750940E2284D}
	EndGlobalSection
EndGlobal
